// !$*UTF8*$!
{
	archiveVersion = 1;
	classes = {
	};
	objectVersion = 46;
	objects = {

/* Begin PBXBuildFile section */
		0618ACB81938F9F300AE30B6 /* Router.m in Sources */ = {isa = PBXBuildFile; fileRef = 0618ACB71938F9F300AE30B6 /* Router.m */; };
		0618ACBB1939010C00AE30B6 /* RouterCable.m in Sources */ = {isa = PBXBuildFile; fileRef = 0618ACBA1939010C00AE30B6 /* RouterCable.m */; };
		0618ACBE193905B400AE30B6 /* RouterServer.m in Sources */ = {isa = PBXBuildFile; fileRef = 0618ACBD193905B400AE30B6 /* RouterServer.m */; };
		06B08010194A251D001DFC01 /* MotionCapture.mm in Sources */ = {isa = PBXBuildFile; fileRef = 06B0800F194A251D001DFC01 /* MotionCapture.mm */; };
		06BFD92D1940EE8D0040034E /* Forage.mm in Sources */ = {isa = PBXBuildFile; fileRef = 06BFD92C1940EE8D0040034E /* Forage.mm */; };
		420CC92D151639A6003B29D3 /* CoreLocation.framework in Frameworks */ = {isa = PBXBuildFile; fileRef = 420CC92C151639A6003B29D3 /* CoreLocation.framework */; };
		421743851514D0830003BF49 /* InfoPlist.strings in Resources */ = {isa = PBXBuildFile; fileRef = 421743831514D0830003BF49 /* InfoPlist.strings */; };
		4221A9BD162246020055C9C8 /* AudioToolbox.framework in Frameworks */ = {isa = PBXBuildFile; fileRef = 4221A9BB162245F60055C9C8 /* AudioToolbox.framework */; };
		42388E7515EF1FC4009F0D7E /* FinderPattern.m in Sources */ = {isa = PBXBuildFile; fileRef = 42388E7015EF1C6C009F0D7E /* FinderPattern.m */; };
		42388E7615EF1FC4009F0D7E /* LineSegment2D.m in Sources */ = {isa = PBXBuildFile; fileRef = 42388E7215EF1C6C009F0D7E /* LineSegment2D.m */; };
		42388E7715EF1FC4009F0D7E /* Rect2D.m in Sources */ = {isa = PBXBuildFile; fileRef = 42388E7415EF1C6C009F0D7E /* Rect2D.m */; };
		423B0EA415EF216C00DC71CD /* Conversions.mm in Sources */ = {isa = PBXBuildFile; fileRef = 423B0EA315EF216C00DC71CD /* Conversions.mm */; };
		423B0EA815EF250300DC71CD /* ThresholdRange.mm in Sources */ = {isa = PBXBuildFile; fileRef = 423B0EA715EF250300DC71CD /* ThresholdRange.mm */; };
		423B95971530E65B00A26A03 /* AVFoundation.framework in Frameworks */ = {isa = PBXBuildFile; fileRef = 423B95961530E65B00A26A03 /* AVFoundation.framework */; };
		423B959A1530E6CF00A26A03 /* CoreVideo.framework in Frameworks */ = {isa = PBXBuildFile; fileRef = 423B95991530E6CF00A26A03 /* CoreVideo.framework */; };
		423B959C1530EFC100A26A03 /* CoreMedia.framework in Frameworks */ = {isa = PBXBuildFile; fileRef = 423B959B1530EFC100A26A03 /* CoreMedia.framework */; };
		423B959E1530EFEC00A26A03 /* CoreImage.framework in Frameworks */ = {isa = PBXBuildFile; fileRef = 423B959D1530EFEC00A26A03 /* CoreImage.framework */; };
		423D2E1A1514CFEB00B5231E /* AppDelegate.m in Sources */ = {isa = PBXBuildFile; fileRef = 423D2E141514CFEB00B5231E /* AppDelegate.m */; };
		423D2E1C1514CFEB00B5231E /* MainController.mm in Sources */ = {isa = PBXBuildFile; fileRef = 423D2E181514CFEB00B5231E /* MainController.mm */; };
		423D2E251514D04700B5231E /* main.m in Sources */ = {isa = PBXBuildFile; fileRef = 423D2E231514D04700B5231E /* main.m */; };
		423F66A0152237A70001F9D3 /* ImageRecognition.mm in Sources */ = {isa = PBXBuildFile; fileRef = 423F669F152237A70001F9D3 /* ImageRecognition.mm */; };
		4256FE811579550C008FC425 /* libiconv.dylib in Frameworks */ = {isa = PBXBuildFile; fileRef = 4256FE801579550C008FC425 /* libiconv.dylib */; };
		4256FE841579559E008FC425 /* QuartzCore.framework in Frameworks */ = {isa = PBXBuildFile; fileRef = 4256FE831579559E008FC425 /* QuartzCore.framework */; };
		4257B683159808A10072054D /* MainStoryboard.storyboard in Resources */ = {isa = PBXBuildFile; fileRef = 4257B682159808A10072054D /* MainStoryboard.storyboard */; };
		425975B217FCB415002B1BA9 /* libRscMgrUniv.a in Frameworks */ = {isa = PBXBuildFile; fileRef = 425975B017FCB415002B1BA9 /* libRscMgrUniv.a */; };
		425975B317FCB415002B1BA9 /* libZXingWidget.a in Frameworks */ = {isa = PBXBuildFile; fileRef = 425975B117FCB415002B1BA9 /* libZXingWidget.a */; };
		425975BC17FCB430002B1BA9 /* Default-568h@2x.png in Resources */ = {isa = PBXBuildFile; fileRef = 425975B517FCB430002B1BA9 /* Default-568h@2x.png */; };
		425975BD17FCB430002B1BA9 /* Default.png in Resources */ = {isa = PBXBuildFile; fileRef = 425975B617FCB430002B1BA9 /* Default.png */; };
		425975BE17FCB430002B1BA9 /* Default@2x.png in Resources */ = {isa = PBXBuildFile; fileRef = 425975B717FCB430002B1BA9 /* Default@2x.png */; };
		425975BF17FCB430002B1BA9 /* Icon.png in Resources */ = {isa = PBXBuildFile; fileRef = 425975B817FCB430002B1BA9 /* Icon.png */; };
		425975C017FCB430002B1BA9 /* Icon@2x.png in Resources */ = {isa = PBXBuildFile; fileRef = 425975B917FCB430002B1BA9 /* Icon@2x.png */; };
		425975C117FCB430002B1BA9 /* mask.png in Resources */ = {isa = PBXBuildFile; fileRef = 425975BA17FCB430002B1BA9 /* mask.png */; };
		425975C217FCB430002B1BA9 /* squarePNG.png in Resources */ = {isa = PBXBuildFile; fileRef = 425975BB17FCB430002B1BA9 /* squarePNG.png */; };
		4269662A15B9D07B00BF7597 /* SystemConfiguration.framework in Frameworks */ = {isa = PBXBuildFile; fileRef = 4269662715B9D06300BF7597 /* SystemConfiguration.framework */; };
		427F3C0415B4909300C2CB85 /* OpenCV.framework in Frameworks */ = {isa = PBXBuildFile; fileRef = 42042CEE156E78780053FC41 /* OpenCV.framework */; };
		427F3C0B15B4A60600C2CB85 /* libz.dylib in Frameworks */ = {isa = PBXBuildFile; fileRef = 427F3C0A15B4A60600C2CB85 /* libz.dylib */; };
		427F4AA414A57E2B003F3E53 /* UIKit.framework in Frameworks */ = {isa = PBXBuildFile; fileRef = 427F4AA314A57E2B003F3E53 /* UIKit.framework */; };
		427F4AA614A57E2B003F3E53 /* Foundation.framework in Frameworks */ = {isa = PBXBuildFile; fileRef = 427F4AA514A57E2B003F3E53 /* Foundation.framework */; };
		427F4AA814A57E2B003F3E53 /* CoreGraphics.framework in Frameworks */ = {isa = PBXBuildFile; fileRef = 427F4AA714A57E2B003F3E53 /* CoreGraphics.framework */; };
		427F4ADF14A58048003F3E53 /* ExternalAccessory.framework in Frameworks */ = {isa = PBXBuildFile; fileRef = 427F4ADE14A58048003F3E53 /* ExternalAccessory.framework */; };
		42BC34DC14A98D5700692DDE /* CoreMotion.framework in Frameworks */ = {isa = PBXBuildFile; fileRef = 42BC34DB14A98D5600692DDE /* CoreMotion.framework */; };
		42BEFEC216BC7FE80095EE7C /* Utilities.mm in Sources */ = {isa = PBXBuildFile; fileRef = 42BEFEC116BC7FE80095EE7C /* Utilities.mm */; };
		42D1C2191618FFDC00A7A8E7 /* GameKit.framework in Frameworks */ = {isa = PBXBuildFile; fileRef = 42D1C2171618FFB200A7A8E7 /* GameKit.framework */; };
/* End PBXBuildFile section */

/* Begin PBXFileReference section */
		0618ACB61938F9F300AE30B6 /* Router.h */ = {isa = PBXFileReference; fileEncoding = 4; lastKnownFileType = sourcecode.c.h; name = Router.h; path = "AntBot-iOS/Router.h"; sourceTree = SOURCE_ROOT; };
		0618ACB71938F9F300AE30B6 /* Router.m */ = {isa = PBXFileReference; fileEncoding = 4; lastKnownFileType = sourcecode.c.objc; name = Router.m; path = "AntBot-iOS/Router.m"; sourceTree = SOURCE_ROOT; };
		0618ACB91939010C00AE30B6 /* RouterCable.h */ = {isa = PBXFileReference; fileEncoding = 4; lastKnownFileType = sourcecode.c.h; name = RouterCable.h; path = "AntBot-iOS/RouterCable.h"; sourceTree = SOURCE_ROOT; };
		0618ACBA1939010C00AE30B6 /* RouterCable.m */ = {isa = PBXFileReference; fileEncoding = 4; lastKnownFileType = sourcecode.c.objc; name = RouterCable.m; path = "AntBot-iOS/RouterCable.m"; sourceTree = SOURCE_ROOT; };
		0618ACBC193905B400AE30B6 /* RouterServer.h */ = {isa = PBXFileReference; fileEncoding = 4; lastKnownFileType = sourcecode.c.h; name = RouterServer.h; path = "AntBot-iOS/RouterServer.h"; sourceTree = SOURCE_ROOT; };
		0618ACBD193905B400AE30B6 /* RouterServer.m */ = {isa = PBXFileReference; fileEncoding = 4; lastKnownFileType = sourcecode.c.objc; name = RouterServer.m; path = "AntBot-iOS/RouterServer.m"; sourceTree = SOURCE_ROOT; };
		06B0800E194A251D001DFC01 /* MotionCapture.h */ = {isa = PBXFileReference; fileEncoding = 4; lastKnownFileType = sourcecode.c.h; name = MotionCapture.h; path = "AntBot-iOS/MotionCapture.h"; sourceTree = SOURCE_ROOT; };
		06B0800F194A251D001DFC01 /* MotionCapture.mm */ = {isa = PBXFileReference; fileEncoding = 4; lastKnownFileType = sourcecode.cpp.objcpp; name = MotionCapture.mm; path = "AntBot-iOS/MotionCapture.mm"; sourceTree = SOURCE_ROOT; };
		06BFD92B1940EE8D0040034E /* Forage.h */ = {isa = PBXFileReference; fileEncoding = 4; lastKnownFileType = sourcecode.c.h; name = Forage.h; path = "AntBot-iOS/Forage.h"; sourceTree = SOURCE_ROOT; };
		06BFD92C1940EE8D0040034E /* Forage.mm */ = {isa = PBXFileReference; fileEncoding = 4; lastKnownFileType = sourcecode.cpp.objcpp; name = Forage.mm; path = "AntBot-iOS/Forage.mm"; sourceTree = SOURCE_ROOT; };
		42042CEE156E78780053FC41 /* OpenCV.framework */ = {isa = PBXFileReference; lastKnownFileType = wrapper.framework; name = OpenCV.framework; path = "AntBot-iOS/OpenCV.framework"; sourceTree = "<group>"; };
		420CC92C151639A6003B29D3 /* CoreLocation.framework */ = {isa = PBXFileReference; lastKnownFileType = wrapper.framework; name = CoreLocation.framework; path = System/Library/Frameworks/CoreLocation.framework; sourceTree = SDKROOT; };
		421743841514D0830003BF49 /* en */ = {isa = PBXFileReference; lastKnownFileType = text.plist.strings; name = en; path = "AntBot-iOS/en.lproj/InfoPlist.strings"; sourceTree = SOURCE_ROOT; };
		4221A9BB162245F60055C9C8 /* AudioToolbox.framework */ = {isa = PBXFileReference; lastKnownFileType = wrapper.framework; name = AudioToolbox.framework; path = System/Library/Frameworks/AudioToolbox.framework; sourceTree = SDKROOT; };
		42388E6F15EF1C6C009F0D7E /* FinderPattern.h */ = {isa = PBXFileReference; lastKnownFileType = sourcecode.c.h; name = FinderPattern.h; path = "AntBot-iOS/IR Utilities/FinderPattern.h"; sourceTree = SOURCE_ROOT; };
		42388E7015EF1C6C009F0D7E /* FinderPattern.m */ = {isa = PBXFileReference; lastKnownFileType = sourcecode.c.objc; name = FinderPattern.m; path = "AntBot-iOS/IR Utilities/FinderPattern.m"; sourceTree = SOURCE_ROOT; };
		42388E7115EF1C6C009F0D7E /* LineSegment2D.h */ = {isa = PBXFileReference; lastKnownFileType = sourcecode.c.h; name = LineSegment2D.h; path = "AntBot-iOS/IR Utilities/LineSegment2D.h"; sourceTree = SOURCE_ROOT; };
		42388E7215EF1C6C009F0D7E /* LineSegment2D.m */ = {isa = PBXFileReference; lastKnownFileType = sourcecode.c.objc; name = LineSegment2D.m; path = "AntBot-iOS/IR Utilities/LineSegment2D.m"; sourceTree = SOURCE_ROOT; };
		42388E7315EF1C6C009F0D7E /* Rect2D.h */ = {isa = PBXFileReference; lastKnownFileType = sourcecode.c.h; name = Rect2D.h; path = "AntBot-iOS/IR Utilities/Rect2D.h"; sourceTree = SOURCE_ROOT; };
		42388E7415EF1C6C009F0D7E /* Rect2D.m */ = {isa = PBXFileReference; lastKnownFileType = sourcecode.c.objc; name = Rect2D.m; path = "AntBot-iOS/IR Utilities/Rect2D.m"; sourceTree = SOURCE_ROOT; };
		423B0EA215EF216C00DC71CD /* Conversions.h */ = {isa = PBXFileReference; fileEncoding = 4; lastKnownFileType = sourcecode.c.h; name = Conversions.h; path = "AntBot-iOS/IR Utilities/Conversions.h"; sourceTree = SOURCE_ROOT; };
		423B0EA315EF216C00DC71CD /* Conversions.mm */ = {isa = PBXFileReference; fileEncoding = 4; lastKnownFileType = sourcecode.cpp.objcpp; name = Conversions.mm; path = "AntBot-iOS/IR Utilities/Conversions.mm"; sourceTree = SOURCE_ROOT; };
		423B0EA615EF250300DC71CD /* ThresholdRange.h */ = {isa = PBXFileReference; fileEncoding = 4; lastKnownFileType = sourcecode.c.h; name = ThresholdRange.h; path = "AntBot-iOS/IR Utilities/ThresholdRange.h"; sourceTree = SOURCE_ROOT; };
		423B0EA715EF250300DC71CD /* ThresholdRange.mm */ = {isa = PBXFileReference; fileEncoding = 4; lastKnownFileType = sourcecode.cpp.objcpp; name = ThresholdRange.mm; path = "AntBot-iOS/IR Utilities/ThresholdRange.mm"; sourceTree = SOURCE_ROOT; };
		423B95961530E65B00A26A03 /* AVFoundation.framework */ = {isa = PBXFileReference; lastKnownFileType = wrapper.framework; name = AVFoundation.framework; path = System/Library/Frameworks/AVFoundation.framework; sourceTree = SDKROOT; };
		423B95991530E6CF00A26A03 /* CoreVideo.framework */ = {isa = PBXFileReference; lastKnownFileType = wrapper.framework; name = CoreVideo.framework; path = System/Library/Frameworks/CoreVideo.framework; sourceTree = SDKROOT; };
		423B959B1530EFC100A26A03 /* CoreMedia.framework */ = {isa = PBXFileReference; lastKnownFileType = wrapper.framework; name = CoreMedia.framework; path = System/Library/Frameworks/CoreMedia.framework; sourceTree = SDKROOT; };
		423B959D1530EFEC00A26A03 /* CoreImage.framework */ = {isa = PBXFileReference; lastKnownFileType = wrapper.framework; name = CoreImage.framework; path = System/Library/Frameworks/CoreImage.framework; sourceTree = SDKROOT; };
		423D2E131514CFEB00B5231E /* AppDelegate.h */ = {isa = PBXFileReference; fileEncoding = 4; lastKnownFileType = sourcecode.c.h; name = AppDelegate.h; path = "AntBot-iOS/AppDelegate.h"; sourceTree = SOURCE_ROOT; };
		423D2E141514CFEB00B5231E /* AppDelegate.m */ = {isa = PBXFileReference; fileEncoding = 4; lastKnownFileType = sourcecode.c.objc; name = AppDelegate.m; path = "AntBot-iOS/AppDelegate.m"; sourceTree = SOURCE_ROOT; };
		423D2E171514CFEB00B5231E /* MainController.h */ = {isa = PBXFileReference; fileEncoding = 4; lastKnownFileType = sourcecode.c.h; name = MainController.h; path = "AntBot-iOS/MainController.h"; sourceTree = SOURCE_ROOT; };
		423D2E181514CFEB00B5231E /* MainController.mm */ = {isa = PBXFileReference; fileEncoding = 4; lastKnownFileType = sourcecode.cpp.objcpp; name = MainController.mm; path = "AntBot-iOS/MainController.mm"; sourceTree = SOURCE_ROOT; };
		423D2E231514D04700B5231E /* main.m */ = {isa = PBXFileReference; fileEncoding = 4; lastKnownFileType = sourcecode.c.objc; name = main.m; path = "AntBot-iOS/main.m"; sourceTree = SOURCE_ROOT; };
		423F669E152237A70001F9D3 /* ImageRecognition.h */ = {isa = PBXFileReference; fileEncoding = 4; lastKnownFileType = sourcecode.c.h; name = ImageRecognition.h; path = "AntBot-iOS/ImageRecognition.h"; sourceTree = SOURCE_ROOT; };
		423F669F152237A70001F9D3 /* ImageRecognition.mm */ = {isa = PBXFileReference; fileEncoding = 4; lastKnownFileType = sourcecode.cpp.objcpp; name = ImageRecognition.mm; path = "AntBot-iOS/ImageRecognition.mm"; sourceTree = SOURCE_ROOT; };
		4256FE801579550C008FC425 /* libiconv.dylib */ = {isa = PBXFileReference; lastKnownFileType = "compiled.mach-o.dylib"; name = libiconv.dylib; path = usr/lib/libiconv.dylib; sourceTree = SDKROOT; };
		4256FE831579559E008FC425 /* QuartzCore.framework */ = {isa = PBXFileReference; lastKnownFileType = wrapper.framework; name = QuartzCore.framework; path = System/Library/Frameworks/QuartzCore.framework; sourceTree = SDKROOT; };
		4257B682159808A10072054D /* MainStoryboard.storyboard */ = {isa = PBXFileReference; fileEncoding = 4; lastKnownFileType = file.storyboard; name = MainStoryboard.storyboard; path = "AntBot-iOS/MainStoryboard.storyboard"; sourceTree = SOURCE_ROOT; };
		425975B017FCB415002B1BA9 /* libRscMgrUniv.a */ = {isa = PBXFileReference; lastKnownFileType = archive.ar; name = libRscMgrUniv.a; path = "AntBot-iOS/lib/libRscMgrUniv.a"; sourceTree = SOURCE_ROOT; };
		425975B117FCB415002B1BA9 /* libZXingWidget.a */ = {isa = PBXFileReference; lastKnownFileType = archive.ar; name = libZXingWidget.a; path = "AntBot-iOS/lib/libZXingWidget.a"; sourceTree = SOURCE_ROOT; };
		425975B517FCB430002B1BA9 /* Default-568h@2x.png */ = {isa = PBXFileReference; lastKnownFileType = image.png; path = "Default-568h@2x.png"; sourceTree = "<group>"; };
		425975B617FCB430002B1BA9 /* Default.png */ = {isa = PBXFileReference; lastKnownFileType = image.png; path = Default.png; sourceTree = "<group>"; };
		425975B717FCB430002B1BA9 /* Default@2x.png */ = {isa = PBXFileReference; lastKnownFileType = image.png; path = "Default@2x.png"; sourceTree = "<group>"; };
		425975B817FCB430002B1BA9 /* Icon.png */ = {isa = PBXFileReference; lastKnownFileType = image.png; path = Icon.png; sourceTree = "<group>"; };
		425975B917FCB430002B1BA9 /* Icon@2x.png */ = {isa = PBXFileReference; lastKnownFileType = image.png; path = "Icon@2x.png"; sourceTree = "<group>"; };
		425975BA17FCB430002B1BA9 /* mask.png */ = {isa = PBXFileReference; lastKnownFileType = image.png; path = mask.png; sourceTree = "<group>"; };
		425975BB17FCB430002B1BA9 /* squarePNG.png */ = {isa = PBXFileReference; lastKnownFileType = image.png; path = squarePNG.png; sourceTree = "<group>"; };
		4269662715B9D06300BF7597 /* SystemConfiguration.framework */ = {isa = PBXFileReference; lastKnownFileType = wrapper.framework; name = SystemConfiguration.framework; path = System/Library/Frameworks/SystemConfiguration.framework; sourceTree = SDKROOT; };
		426E73B716E9680600868D29 /* AntBot-iOS-Info.plist */ = {isa = PBXFileReference; lastKnownFileType = text.plist.xml; name = "AntBot-iOS-Info.plist"; path = "AntBot-iOS/AntBot-iOS-Info.plist"; sourceTree = SOURCE_ROOT; };
		426E73B816E9680600868D29 /* AntBot-iOS-Prefix.pch */ = {isa = PBXFileReference; lastKnownFileType = sourcecode.c.h; name = "AntBot-iOS-Prefix.pch"; path = "AntBot-iOS/AntBot-iOS-Prefix.pch"; sourceTree = SOURCE_ROOT; };
		427F3C0A15B4A60600C2CB85 /* libz.dylib */ = {isa = PBXFileReference; lastKnownFileType = "compiled.mach-o.dylib"; name = libz.dylib; path = usr/lib/libz.dylib; sourceTree = SDKROOT; };
		427F3C0E15B4A8DB00C2CB85 /* ImageIO.framework */ = {isa = PBXFileReference; lastKnownFileType = wrapper.framework; name = ImageIO.framework; path = System/Library/Frameworks/ImageIO.framework; sourceTree = SDKROOT; };
		427F4A9F14A57E2B003F3E53 /* AntBot-iOS.app */ = {isa = PBXFileReference; explicitFileType = wrapper.application; includeInIndex = 0; path = "AntBot-iOS.app"; sourceTree = BUILT_PRODUCTS_DIR; };
		427F4AA314A57E2B003F3E53 /* UIKit.framework */ = {isa = PBXFileReference; lastKnownFileType = wrapper.framework; name = UIKit.framework; path = System/Library/Frameworks/UIKit.framework; sourceTree = SDKROOT; };
		427F4AA514A57E2B003F3E53 /* Foundation.framework */ = {isa = PBXFileReference; lastKnownFileType = wrapper.framework; name = Foundation.framework; path = System/Library/Frameworks/Foundation.framework; sourceTree = SDKROOT; };
		427F4AA714A57E2B003F3E53 /* CoreGraphics.framework */ = {isa = PBXFileReference; lastKnownFileType = wrapper.framework; name = CoreGraphics.framework; path = System/Library/Frameworks/CoreGraphics.framework; sourceTree = SDKROOT; };
		427F4ADE14A58048003F3E53 /* ExternalAccessory.framework */ = {isa = PBXFileReference; lastKnownFileType = wrapper.framework; name = ExternalAccessory.framework; path = System/Library/Frameworks/ExternalAccessory.framework; sourceTree = SDKROOT; };
		42BC34DB14A98D5600692DDE /* CoreMotion.framework */ = {isa = PBXFileReference; lastKnownFileType = wrapper.framework; name = CoreMotion.framework; path = System/Library/Frameworks/CoreMotion.framework; sourceTree = SDKROOT; };
		42BEFEC016BC7FE80095EE7C /* Utilities.h */ = {isa = PBXFileReference; fileEncoding = 4; lastKnownFileType = sourcecode.c.h; name = Utilities.h; path = "AntBot-iOS/Utilities.h"; sourceTree = SOURCE_ROOT; };
		42BEFEC116BC7FE80095EE7C /* Utilities.mm */ = {isa = PBXFileReference; fileEncoding = 4; lastKnownFileType = sourcecode.cpp.objcpp; name = Utilities.mm; path = "AntBot-iOS/Utilities.mm"; sourceTree = SOURCE_ROOT; };
		42D1C2171618FFB200A7A8E7 /* GameKit.framework */ = {isa = PBXFileReference; lastKnownFileType = wrapper.framework; name = GameKit.framework; path = System/Library/Frameworks/GameKit.framework; sourceTree = SDKROOT; };
/* End PBXFileReference section */

/* Begin PBXFrameworksBuildPhase section */
		427F4A9C14A57E2B003F3E53 /* Frameworks */ = {
			isa = PBXFrameworksBuildPhase;
			buildActionMask = 2147483647;
			files = (
				4221A9BD162246020055C9C8 /* AudioToolbox.framework in Frameworks */,
				42D1C2191618FFDC00A7A8E7 /* GameKit.framework in Frameworks */,
				4269662A15B9D07B00BF7597 /* SystemConfiguration.framework in Frameworks */,
				425975B317FCB415002B1BA9 /* libZXingWidget.a in Frameworks */,
				427F3C0B15B4A60600C2CB85 /* libz.dylib in Frameworks */,
				4256FE841579559E008FC425 /* QuartzCore.framework in Frameworks */,
				4256FE811579550C008FC425 /* libiconv.dylib in Frameworks */,
				423B95971530E65B00A26A03 /* AVFoundation.framework in Frameworks */,
				427F4AA814A57E2B003F3E53 /* CoreGraphics.framework in Frameworks */,
				425975B217FCB415002B1BA9 /* libRscMgrUniv.a in Frameworks */,
				423B959E1530EFEC00A26A03 /* CoreImage.framework in Frameworks */,
				420CC92D151639A6003B29D3 /* CoreLocation.framework in Frameworks */,
				423B959C1530EFC100A26A03 /* CoreMedia.framework in Frameworks */,
				42BC34DC14A98D5700692DDE /* CoreMotion.framework in Frameworks */,
				423B959A1530E6CF00A26A03 /* CoreVideo.framework in Frameworks */,
				427F4ADF14A58048003F3E53 /* ExternalAccessory.framework in Frameworks */,
				427F3C0415B4909300C2CB85 /* OpenCV.framework in Frameworks */,
				427F4AA614A57E2B003F3E53 /* Foundation.framework in Frameworks */,
				427F4AA414A57E2B003F3E53 /* UIKit.framework in Frameworks */,
			);
			runOnlyForDeploymentPostprocessing = 0;
		};
/* End PBXFrameworksBuildPhase section */

/* Begin PBXGroup section */
		42388E6515EF1974009F0D7E /* IR Utilities */ = {
			isa = PBXGroup;
			children = (
				423B0EA215EF216C00DC71CD /* Conversions.h */,
				423B0EA315EF216C00DC71CD /* Conversions.mm */,
				42388E6F15EF1C6C009F0D7E /* FinderPattern.h */,
				42388E7015EF1C6C009F0D7E /* FinderPattern.m */,
				42388E7115EF1C6C009F0D7E /* LineSegment2D.h */,
				42388E7215EF1C6C009F0D7E /* LineSegment2D.m */,
				42388E7315EF1C6C009F0D7E /* Rect2D.h */,
				42388E7415EF1C6C009F0D7E /* Rect2D.m */,
				423B0EA615EF250300DC71CD /* ThresholdRange.h */,
				423B0EA715EF250300DC71CD /* ThresholdRange.mm */,
			);
			name = "IR Utilities";
			sourceTree = "<group>";
		};
		425975B417FCB430002B1BA9 /* images */ = {
			isa = PBXGroup;
			children = (
				425975B517FCB430002B1BA9 /* Default-568h@2x.png */,
				425975B617FCB430002B1BA9 /* Default.png */,
				425975B717FCB430002B1BA9 /* Default@2x.png */,
				425975B817FCB430002B1BA9 /* Icon.png */,
				425975B917FCB430002B1BA9 /* Icon@2x.png */,
				425975BA17FCB430002B1BA9 /* mask.png */,
				425975BB17FCB430002B1BA9 /* squarePNG.png */,
			);
			name = images;
			path = "AntBot-iOS/images";
			sourceTree = SOURCE_ROOT;
		};
		427F4A9414A57E2B003F3E53 = {
			isa = PBXGroup;
			children = (
				427F4AA914A57E2B003F3E53 /* AntBot-iOS */,
				427F4AA214A57E2B003F3E53 /* Frameworks */,
				427F4AA014A57E2B003F3E53 /* Products */,
			);
			sourceTree = "<group>";
		};
		427F4AA014A57E2B003F3E53 /* Products */ = {
			isa = PBXGroup;
			children = (
				427F4A9F14A57E2B003F3E53 /* AntBot-iOS.app */,
			);
			name = Products;
			sourceTree = "<group>";
		};
		427F4AA214A57E2B003F3E53 /* Frameworks */ = {
			isa = PBXGroup;
			children = (
				427F3C0A15B4A60600C2CB85 /* libz.dylib */,
				4256FE801579550C008FC425 /* libiconv.dylib */,
				4221A9BB162245F60055C9C8 /* AudioToolbox.framework */,
				4256FE831579559E008FC425 /* QuartzCore.framework */,
				42042CEE156E78780053FC41 /* OpenCV.framework */,
				423B95961530E65B00A26A03 /* AVFoundation.framework */,
				427F4AA714A57E2B003F3E53 /* CoreGraphics.framework */,
				423B959D1530EFEC00A26A03 /* CoreImage.framework */,
				420CC92C151639A6003B29D3 /* CoreLocation.framework */,
				423B959B1530EFC100A26A03 /* CoreMedia.framework */,
				42BC34DB14A98D5600692DDE /* CoreMotion.framework */,
				423B95991530E6CF00A26A03 /* CoreVideo.framework */,
				427F4ADE14A58048003F3E53 /* ExternalAccessory.framework */,
				427F4AA514A57E2B003F3E53 /* Foundation.framework */,
				42D1C2171618FFB200A7A8E7 /* GameKit.framework */,
				427F3C0E15B4A8DB00C2CB85 /* ImageIO.framework */,
				4269662715B9D06300BF7597 /* SystemConfiguration.framework */,
				427F4AA314A57E2B003F3E53 /* UIKit.framework */,
			);
			name = Frameworks;
			sourceTree = "<group>";
		};
		427F4AA914A57E2B003F3E53 /* AntBot-iOS */ = {
			isa = PBXGroup;
			children = (
				423D2E131514CFEB00B5231E /* AppDelegate.h */,
				423D2E141514CFEB00B5231E /* AppDelegate.m */,
				06BFD92B1940EE8D0040034E /* Forage.h */,
				06BFD92C1940EE8D0040034E /* Forage.mm */,
				423F669E152237A70001F9D3 /* ImageRecognition.h */,
				423F669F152237A70001F9D3 /* ImageRecognition.mm */,
				423D2E171514CFEB00B5231E /* MainController.h */,
				423D2E181514CFEB00B5231E /* MainController.mm */,
				06B0800E194A251D001DFC01 /* MotionCapture.h */,
				06B0800F194A251D001DFC01 /* MotionCapture.mm */,
				0618ACB61938F9F300AE30B6 /* Router.h */,
				0618ACB71938F9F300AE30B6 /* Router.m */,
				0618ACB91939010C00AE30B6 /* RouterCable.h */,
				0618ACBA1939010C00AE30B6 /* RouterCable.m */,
				0618ACBC193905B400AE30B6 /* RouterServer.h */,
				0618ACBD193905B400AE30B6 /* RouterServer.m */,
				42BEFEC016BC7FE80095EE7C /* Utilities.h */,
				42BEFEC116BC7FE80095EE7C /* Utilities.mm */,
				4257B682159808A10072054D /* MainStoryboard.storyboard */,
				42388E6515EF1974009F0D7E /* IR Utilities */,
				427F4AAA14A57E2B003F3E53 /* Supporting Files */,
			);
			name = "AntBot-iOS";
			path = Arduino;
			sourceTree = "<group>";
		};
		427F4AAA14A57E2B003F3E53 /* Supporting Files */ = {
			isa = PBXGroup;
			children = (
				427F4ADB14A58001003F3E53 /* lib */,
				425975B417FCB430002B1BA9 /* images */,
				426E73B716E9680600868D29 /* AntBot-iOS-Info.plist */,
				426E73B816E9680600868D29 /* AntBot-iOS-Prefix.pch */,
				421743831514D0830003BF49 /* InfoPlist.strings */,
				423D2E231514D04700B5231E /* main.m */,
			);
			name = "Supporting Files";
			sourceTree = "<group>";
		};
		427F4ADB14A58001003F3E53 /* lib */ = {
			isa = PBXGroup;
			children = (
				425975B017FCB415002B1BA9 /* libRscMgrUniv.a */,
				425975B117FCB415002B1BA9 /* libZXingWidget.a */,
			);
			name = lib;
			path = ../lib;
			sourceTree = "<group>";
		};
/* End PBXGroup section */

/* Begin PBXNativeTarget section */
		427F4A9E14A57E2B003F3E53 /* AntBot-iOS */ = {
			isa = PBXNativeTarget;
			buildConfigurationList = 427F4AD214A57E2B003F3E53 /* Build configuration list for PBXNativeTarget "AntBot-iOS" */;
			buildPhases = (
				427F4A9C14A57E2B003F3E53 /* Frameworks */,
				427F4A9B14A57E2B003F3E53 /* Sources */,
				427F4A9D14A57E2B003F3E53 /* Resources */,
			);
			buildRules = (
			);
			dependencies = (
			);
			name = "AntBot-iOS";
			productName = Arduino;
			productReference = 427F4A9F14A57E2B003F3E53 /* AntBot-iOS.app */;
			productType = "com.apple.product-type.application";
		};
/* End PBXNativeTarget section */

/* Begin PBXProject section */
		427F4A9614A57E2B003F3E53 /* Project object */ = {
			isa = PBXProject;
			attributes = {
				LastUpgradeCheck = 0500;
				TargetAttributes = {
					427F4A9E14A57E2B003F3E53 = {
						DevelopmentTeam = A7P5F2VC76;
					};
				};
			};
			buildConfigurationList = 427F4A9914A57E2B003F3E53 /* Build configuration list for PBXProject "AntBot-iOS" */;
			compatibilityVersion = "Xcode 3.2";
			developmentRegion = English;
			hasScannedForEncodings = 0;
			knownRegions = (
				en,
				de,
			);
			mainGroup = 427F4A9414A57E2B003F3E53;
			productRefGroup = 427F4AA014A57E2B003F3E53 /* Products */;
			projectDirPath = "";
			projectRoot = "";
			targets = (
				427F4A9E14A57E2B003F3E53 /* AntBot-iOS */,
			);
		};
/* End PBXProject section */

/* Begin PBXResourcesBuildPhase section */
		427F4A9D14A57E2B003F3E53 /* Resources */ = {
			isa = PBXResourcesBuildPhase;
			buildActionMask = 2147483647;
			files = (
				425975BE17FCB430002B1BA9 /* Default@2x.png in Resources */,
				421743851514D0830003BF49 /* InfoPlist.strings in Resources */,
				4257B683159808A10072054D /* MainStoryboard.storyboard in Resources */,
				425975BC17FCB430002B1BA9 /* Default-568h@2x.png in Resources */,
				425975C217FCB430002B1BA9 /* squarePNG.png in Resources */,
				425975BF17FCB430002B1BA9 /* Icon.png in Resources */,
				425975C017FCB430002B1BA9 /* Icon@2x.png in Resources */,
				425975C117FCB430002B1BA9 /* mask.png in Resources */,
				425975BD17FCB430002B1BA9 /* Default.png in Resources */,
			);
			runOnlyForDeploymentPostprocessing = 0;
		};
/* End PBXResourcesBuildPhase section */

/* Begin PBXSourcesBuildPhase section */
		427F4A9B14A57E2B003F3E53 /* Sources */ = {
			isa = PBXSourcesBuildPhase;
			buildActionMask = 2147483647;
			files = (
				0618ACBB1939010C00AE30B6 /* RouterCable.m in Sources */,
				423D2E251514D04700B5231E /* main.m in Sources */,
				423D2E1A1514CFEB00B5231E /* AppDelegate.m in Sources */,
				0618ACB81938F9F300AE30B6 /* Router.m in Sources */,
				0618ACBE193905B400AE30B6 /* RouterServer.m in Sources */,
				423F66A0152237A70001F9D3 /* ImageRecognition.mm in Sources */,
				06BFD92D1940EE8D0040034E /* Forage.mm in Sources */,
				423D2E1C1514CFEB00B5231E /* MainController.mm in Sources */,
				06B08010194A251D001DFC01 /* MotionCapture.mm in Sources */,
				42388E7515EF1FC4009F0D7E /* FinderPattern.m in Sources */,
				42388E7615EF1FC4009F0D7E /* LineSegment2D.m in Sources */,
				42388E7715EF1FC4009F0D7E /* Rect2D.m in Sources */,
				423B0EA415EF216C00DC71CD /* Conversions.mm in Sources */,
				423B0EA815EF250300DC71CD /* ThresholdRange.mm in Sources */,
				42BEFEC216BC7FE80095EE7C /* Utilities.mm in Sources */,
			);
			runOnlyForDeploymentPostprocessing = 0;
		};
/* End PBXSourcesBuildPhase section */

/* Begin PBXVariantGroup section */
		421743831514D0830003BF49 /* InfoPlist.strings */ = {
			isa = PBXVariantGroup;
			children = (
				421743841514D0830003BF49 /* en */,
			);
			name = InfoPlist.strings;
			sourceTree = "<group>";
		};
/* End PBXVariantGroup section */

/* Begin XCBuildConfiguration section */
		427F4AD014A57E2B003F3E53 /* Debug */ = {
			isa = XCBuildConfiguration;
			buildSettings = {
				ALWAYS_SEARCH_USER_PATHS = NO;
				CLANG_ENABLE_OBJC_ARC = YES;
				CLANG_WARN_BOOL_CONVERSION = YES;
				CLANG_WARN_CONSTANT_CONVERSION = YES;
				CLANG_WARN_EMPTY_BODY = YES;
				CLANG_WARN_ENUM_CONVERSION = YES;
				CLANG_WARN_INT_CONVERSION = YES;
				CLANG_WARN__DUPLICATE_METHOD_MATCH = YES;
				"CODE_SIGN_IDENTITY[sdk=iphoneos*]" = "iPhone Developer";
				COPY_PHASE_STRIP = NO;
				GCC_C_LANGUAGE_STANDARD = gnu99;
				GCC_DYNAMIC_NO_PIC = NO;
				GCC_OPTIMIZATION_LEVEL = 0;
				GCC_PREPROCESSOR_DEFINITIONS = (
					"DEBUG=1",
					"$(inherited)",
				);
				GCC_SYMBOLS_PRIVATE_EXTERN = NO;
				GCC_VERSION = com.apple.compilers.llvm.clang.1_0;
				GCC_WARN_64_TO_32_BIT_CONVERSION = YES;
				GCC_WARN_ABOUT_MISSING_PROTOTYPES = YES;
				GCC_WARN_ABOUT_RETURN_TYPE = YES;
				GCC_WARN_UNDECLARED_SELECTOR = YES;
				GCC_WARN_UNINITIALIZED_AUTOS = YES;
				GCC_WARN_UNUSED_FUNCTION = YES;
				GCC_WARN_UNUSED_VARIABLE = YES;
				IPHONEOS_DEPLOYMENT_TARGET = 5.0;
				ONLY_ACTIVE_ARCH = YES;
				SDKROOT = iphoneos;
			};
			name = Debug;
		};
		427F4AD114A57E2B003F3E53 /* Release */ = {
			isa = XCBuildConfiguration;
			buildSettings = {
				ALWAYS_SEARCH_USER_PATHS = NO;
				CLANG_ENABLE_OBJC_ARC = YES;
				CLANG_WARN_BOOL_CONVERSION = YES;
				CLANG_WARN_CONSTANT_CONVERSION = YES;
				CLANG_WARN_EMPTY_BODY = YES;
				CLANG_WARN_ENUM_CONVERSION = YES;
				CLANG_WARN_INT_CONVERSION = YES;
				CLANG_WARN__DUPLICATE_METHOD_MATCH = YES;
				"CODE_SIGN_IDENTITY[sdk=iphoneos*]" = "iPhone Developer";
				COPY_PHASE_STRIP = YES;
				GCC_C_LANGUAGE_STANDARD = gnu99;
				GCC_VERSION = com.apple.compilers.llvm.clang.1_0;
				GCC_WARN_64_TO_32_BIT_CONVERSION = YES;
				GCC_WARN_ABOUT_MISSING_PROTOTYPES = YES;
				GCC_WARN_ABOUT_RETURN_TYPE = YES;
				GCC_WARN_UNDECLARED_SELECTOR = YES;
				GCC_WARN_UNINITIALIZED_AUTOS = YES;
				GCC_WARN_UNUSED_FUNCTION = YES;
				GCC_WARN_UNUSED_VARIABLE = YES;
				IPHONEOS_DEPLOYMENT_TARGET = 5.0;
				OTHER_CFLAGS = "-DNS_BLOCK_ASSERTIONS=1";
				SDKROOT = iphoneos;
				VALIDATE_PRODUCT = YES;
			};
			name = Release;
		};
		427F4AD314A57E2B003F3E53 /* Debug */ = {
			isa = XCBuildConfiguration;
			buildSettings = {
				ALWAYS_SEARCH_USER_PATHS = YES;
				CLANG_ENABLE_OBJC_ARC = YES;
				CLANG_WARN_DEPRECATED_OBJC_IMPLEMENTATIONS = NO;
				CODE_SIGN_IDENTITY = "iPhone Developer";
				"CODE_SIGN_IDENTITY[sdk=iphoneos*]" = "iPhone Developer";
				FRAMEWORK_SEARCH_PATHS = "\"$(SRCROOT)/AntBot-iOS\"";
				GCC_PRECOMPILE_PREFIX_HEADER = YES;
				GCC_PREFIX_HEADER = "AntBot-iOS/AntBot-iOS-Prefix.pch";
				GCC_VERSION = com.apple.compilers.llvm.clang.1_0;
				HEADER_SEARCH_PATHS = (
					"\"$(SRCROOT)/AntBot-iOS/zxing/cpp\"",
					"\"$(SRCROOT)/AntBot-iOS/zxing/objc\"",
				);
				INFOPLIST_FILE = "$(SRCROOT)/AntBot-iOS/AntBot-iOS-Info.plist";
				IPHONEOS_DEPLOYMENT_TARGET = 5.1;
				LIBRARY_SEARCH_PATHS = "\"$(SRCROOT)/AntBot-iOS/lib\"";
				LINK_WITH_STANDARD_LIBRARIES = YES;
				ONLY_ACTIVE_ARCH = YES;
				PRODUCT_NAME = "AntBot-iOS";
				PROVISIONING_PROFILE = "";
				SUPPORTED_PLATFORMS = "iphonesimulator iphoneos";
				TARGETED_DEVICE_FAMILY = 1;
				USER_HEADER_SEARCH_PATHS = "\"$(SRCROOT)/AntBot-iOS/rsc\"";
				WRAPPER_EXTENSION = app;
			};
			name = Debug;
		};
		427F4AD414A57E2B003F3E53 /* Release */ = {
			isa = XCBuildConfiguration;
			buildSettings = {
				ALWAYS_SEARCH_USER_PATHS = YES;
				CLANG_ENABLE_OBJC_ARC = YES;
				CLANG_WARN_DEPRECATED_OBJC_IMPLEMENTATIONS = NO;
				CODE_SIGN_IDENTITY = "iPhone Developer";
				"CODE_SIGN_IDENTITY[sdk=iphoneos*]" = "iPhone Developer";
				FRAMEWORK_SEARCH_PATHS = "\"$(SRCROOT)/AntBot-iOS\"";
				GCC_PRECOMPILE_PREFIX_HEADER = YES;
				GCC_PREFIX_HEADER = "AntBot-iOS/AntBot-iOS-Prefix.pch";
				GCC_VERSION = com.apple.compilers.llvm.clang.1_0;
				HEADER_SEARCH_PATHS = (
					"\"$(SRCROOT)/AntBot-iOS/zxing/cpp\"",
					"\"$(SRCROOT)/AntBot-iOS/zxing/objc\"",
				);
				INFOPLIST_FILE = "$(SRCROOT)/AntBot-iOS/AntBot-iOS-Info.plist";
				IPHONEOS_DEPLOYMENT_TARGET = 5.1;
				LIBRARY_SEARCH_PATHS = "\"$(SRCROOT)/AntBot-iOS/lib\"";
				LINK_WITH_STANDARD_LIBRARIES = YES;
				ONLY_ACTIVE_ARCH = YES;
				PRODUCT_NAME = "AntBot-iOS";
				PROVISIONING_PROFILE = "";
				SUPPORTED_PLATFORMS = "iphonesimulator iphoneos";
				TARGETED_DEVICE_FAMILY = 1;
				USER_HEADER_SEARCH_PATHS = "\"$(SRCROOT)/AntBot-iOS/rsc\"";
				WRAPPER_EXTENSION = app;
			};
			name = Release;
		};
/* End XCBuildConfiguration section */

/* Begin XCConfigurationList section */
		427F4A9914A57E2B003F3E53 /* Build configuration list for PBXProject "AntBot-iOS" */ = {
			isa = XCConfigurationList;
			buildConfigurations = (
				427F4AD014A57E2B003F3E53 /* Debug */,
				427F4AD114A57E2B003F3E53 /* Release */,
			);
			defaultConfigurationIsVisible = 0;
			defaultConfigurationName = Release;
		};
		427F4AD214A57E2B003F3E53 /* Build configuration list for PBXNativeTarget "AntBot-iOS" */ = {
			isa = XCConfigurationList;
			buildConfigurations = (
				427F4AD314A57E2B003F3E53 /* Debug */,
				427F4AD414A57E2B003F3E53 /* Release */,
			);
			defaultConfigurationIsVisible = 0;
			defaultConfigurationName = Release;
		};
/* End XCConfigurationList section */
	};
	rootObject = 427F4A9614A57E2B003F3E53 /* Project object */;
}
